
Microsoft Visual Studio Solution File, Format Version 12.00
# Visual Studio Version 17
VisualStudioVersion = 17.0.31903.59
MinimumVisualStudioVersion = 10.0.40219.1
Project("{9A19103F-16F7-4668-BE54-9A1E7A4F7556}") = "LogoFX.Bootstrapping.Middleware", "LogoFX.Bootstrapping.Middleware\LogoFX.Bootstrapping.Middleware.csproj", "{444A91D0-0274-492A-BEBD-2515F9817568}"
EndProject
Project("{9A19103F-16F7-4668-BE54-9A1E7A4F7556}") = "LogoFX.Bootstrapping", "LogoFX.Bootstrapping\LogoFX.Bootstrapping.csproj", "{28E8F208-B45A-4FA8-AC89-23F4F59697A5}"
EndProject
Project("{9A19103F-16F7-4668-BE54-9A1E7A4F7556}") = "LogoFX.Bootstrapping.Specs", "LogoFX.Bootstrapping.Specs\LogoFX.Bootstrapping.Specs.csproj", "{694C0F6F-9ED1-4385-81BA-9A3242D25812}"
EndProject
Project("{2150E333-8FDC-42A3-9474-1A3956D46DE8}") = "common", "common", "{49AF7A26-D079-4C00-8E2B-69E233F35A48}"
EndProject
Project("{2150E333-8FDC-42A3-9474-1A3956D46DE8}") = "server", "server", "{51CAC50D-E9E4-4CD4-90EA-7FDAA246A131}"
EndProject
Project("{9A19103F-16F7-4668-BE54-9A1E7A4F7556}") = "LogoFX.Server.Bootstrapping", "LogoFX.Server.Bootstrapping\LogoFX.Server.Bootstrapping.csproj", "{CF818575-37D2-4D26-A6C0-0B2A182F1B0E}"
EndProject
Project("{9A19103F-16F7-4668-BE54-9A1E7A4F7556}") = "LogoFX.Server.Bootstrapping.Mvc", "LogoFX.Server.Bootstrapping.Mvc\LogoFX.Server.Bootstrapping.Mvc.csproj", "{244E6BF0-D082-4D7A-9E5A-AE6C524D68E4}"
EndProject
Project("{2150E333-8FDC-42A3-9474-1A3956D46DE8}") = "client", "client", "{EB4FCC2D-644F-4B89-A690-2ACB06F88C54}"
EndProject
Project("{9A19103F-16F7-4668-BE54-9A1E7A4F7556}") = "LogoFX.Client.Bootstrapping", "LogoFX.Client.Bootstrapping\LogoFX.Client.Bootstrapping.csproj", "{D1E9EEEA-B062-45E8-92A1-811403D022F5}"
EndProject
Project("{FAE04EC0-301F-11D3-BF4B-00C04F79EFBC}") = "LogoFX.Client.Bootstrapping.Platform.Droid", "LogoFX.Client.Bootstrapping.Platform\android\LogoFX.Client.Bootstrapping.Platform.Droid.csproj", "{D0B68ED3-BA25-4169-B074-302D6CC477A3}"
EndProject
Project("{FAE04EC0-301F-11D3-BF4B-00C04F79EFBC}") = "LogoFX.Client.Bootstrapping.Platform.iOS", "LogoFX.Client.Bootstrapping.Platform\iOS\LogoFX.Client.Bootstrapping.Platform.iOS.csproj", "{D68C98B7-241E-42C2-97BB-5E4A76DD832B}"
EndProject
Project("{9A19103F-16F7-4668-BE54-9A1E7A4F7556}") = "LogoFX.Client.Bootstrapping.Platform.NET", "LogoFX.Client.Bootstrapping.Platform\net\LogoFX.Client.Bootstrapping.Platform.NET.csproj", "{84B1C910-EF19-492F-8C96-494FF42E4F38}"
EndProject
Project("{9A19103F-16F7-4668-BE54-9A1E7A4F7556}") = "LogoFX.Client.Bootstrapping.Platform.NETCore", "LogoFX.Client.Bootstrapping.Platform\netcore\LogoFX.Client.Bootstrapping.Platform.NETCore.csproj", "{03E96825-FA36-45B9-BF5E-F8D49066E9C1}"
EndProject
Project("{FAE04EC0-301F-11D3-BF4B-00C04F79EFBC}") = "LogoFX.Client.Bootstrapping.Platform.NETFramework", "LogoFX.Client.Bootstrapping.Platform\netframework\LogoFX.Client.Bootstrapping.Platform.NETFramework.csproj", "{51322595-4423-46D9-8AAD-7486FC87E15C}"
EndProject
Project("{FAE04EC0-301F-11D3-BF4B-00C04F79EFBC}") = "LogoFX.Client.Bootstrapping.Platform.NETFramework.Tests", "LogoFX.Client.Bootstrapping.Platform.NETFramework.Tests\LogoFX.Client.Bootstrapping.Platform.NETFramework.Tests.csproj", "{3A56DC89-408B-488D-BDD4-A331A3DA6950}"
EndProject
Project("{9A19103F-16F7-4668-BE54-9A1E7A4F7556}") = "LogoFX.Client.Bootstrapping.Testing.Platform.NET", "LogoFX.Client.Bootstrapping.Testing.Platform\net\LogoFX.Client.Bootstrapping.Testing.Platform.NET.csproj", "{80834A07-E5A3-4D3A-93B2-BF745B5FDAAC}"
EndProject
Project("{9A19103F-16F7-4668-BE54-9A1E7A4F7556}") = "LogoFX.Client.Bootstrapping.Testing.Platform.NETCore", "LogoFX.Client.Bootstrapping.Testing.Platform\netcore\LogoFX.Client.Bootstrapping.Testing.Platform.NETCore.csproj", "{FDF32D49-27A8-48B5-A62E-128E3634615F}"
EndProject
Project("{FAE04EC0-301F-11D3-BF4B-00C04F79EFBC}") = "LogoFX.Client.Bootstrapping.Testing.Platform.NETFramework", "LogoFX.Client.Bootstrapping.Testing.Platform\netframework\LogoFX.Client.Bootstrapping.Testing.Platform.NETFramework.csproj", "{CA5E0894-4E34-478E-8FE0-9218F53B5980}"
EndProject
Project("{9A19103F-16F7-4668-BE54-9A1E7A4F7556}") = "LogoFX.Client.Bootstrapping.Xamarin.Forms", "LogoFX.Client.Bootstrapping.Xamarin.Forms\LogoFX.Client.Bootstrapping.Xamarin.Forms.csproj", "{A323C69C-B3AF-4154-B725-3446A712E685}"
EndProject
Project("{2150E333-8FDC-42A3-9474-1A3956D46DE8}") = "adapters", "adapters", "{A43CBE54-3E34-4B78-B001-13370F4096BB}"
EndProject
Project("{9A19103F-16F7-4668-BE54-9A1E7A4F7556}") = "LogoFX.Client.Bootstrapping.Adapters.Contracts", "LogoFX.Client.Bootstrapping.Adapters.Contracts\LogoFX.Client.Bootstrapping.Adapters.Contracts.csproj", "{E932C842-4A71-43C0-B2F4-DEF58669BE4A}"
EndProject
Project("{9A19103F-16F7-4668-BE54-9A1E7A4F7556}") = "LogoFX.Client.Bootstrapping.Adapters.SimpleContainer", "LogoFX.Client.Bootstrapping.Adapters.SimpleContainer\LogoFX.Client.Bootstrapping.Adapters.SimpleContainer.csproj", "{C5F02747-27CA-458A-93E5-75FDE0DFF3F9}"
EndProject
Project("{9A19103F-16F7-4668-BE54-9A1E7A4F7556}") = "LogoFX.Client.Bootstrapping.Adapters.SimpleContainer.Tests", "LogoFX.Client.Bootstrapping.Adapters.SimpleContainer.Tests\LogoFX.Client.Bootstrapping.Adapters.SimpleContainer.Tests.csproj", "{00B62408-49BA-4A1C-B929-008A4E48C5E1}"
EndProject
Project("{9A19103F-16F7-4668-BE54-9A1E7A4F7556}") = "LogoFX.Client.Bootstrapping.Adapters.Unity", "LogoFX.Client.Bootstrapping.Adapters.Unity\LogoFX.Client.Bootstrapping.Adapters.Unity.csproj", "{004A50B1-2F25-469A-ABCE-090BD36E2631}"
EndProject
Project("{9A19103F-16F7-4668-BE54-9A1E7A4F7556}") = "LogoFX.Client.Bootstrapping.Adapters.Unity.Tests", "LogoFX.Client.Bootstrapping.Adapters.Unity.Tests\LogoFX.Client.Bootstrapping.Adapters.Unity.Tests.csproj", "{605ED313-38FA-4A7B-B555-DCF0107C8A64}"
EndProject
Project("{9A19103F-16F7-4668-BE54-9A1E7A4F7556}") = "LogoFX.Server.IoC.Abstractions", "LogoFX.Server.IoC.Abstractions\LogoFX.Server.IoC.Abstractions.csproj", "{2E60D6F9-93D3-4647-B05E-6E532ED9C3AD}"
EndProject
Project("{FAE04EC0-301F-11D3-BF4B-00C04F79EFBC}") = "LogoFX.Server.IoC.Registration.Specs.Presentation", "LogoFX.Server.IoC.Registration.Specs.Presentation\LogoFX.Server.IoC.Registration.Specs.Presentation.csproj", "{E6B94A95-4D19-4AD0-8DBD-447489ADF20C}"
EndProject
Project("{FAE04EC0-301F-11D3-BF4B-00C04F79EFBC}") = "LogoFX.Server.IoC.Registration.Specs.Domain", "LogoFX.Server.IoC.Registration.Specs.Domain\LogoFX.Server.IoC.Registration.Specs.Domain.csproj", "{922D3F8C-8ED7-4E09-94D3-AD965F56A018}"
EndProject
Project("{FAE04EC0-301F-11D3-BF4B-00C04F79EFBC}") = "LogoFX.Server.IoC.Registration.Specs.Application", "LogoFX.Server.IoC.Registration.Specs.Application\LogoFX.Server.IoC.Registration.Specs.Application.csproj", "{4BA9C28F-3FE9-4588-A128-058219222FCC}"
EndProject
Project("{FAE04EC0-301F-11D3-BF4B-00C04F79EFBC}") = "LogoFX.Server.IoC.Registration", "LogoFX.Server.IoC.Registration\LogoFX.Server.IoC.Registration.csproj", "{C209B426-6CF1-40EF-B31C-AE3F08552FA5}"
EndProject
Global
	GlobalSection(SolutionConfigurationPlatforms) = preSolution
		Debug|Any CPU = Debug|Any CPU
		Debug|ARM = Debug|ARM
		Debug|x64 = Debug|x64
		Debug|x86 = Debug|x86
		Release|Any CPU = Release|Any CPU
		Release|ARM = Release|ARM
		Release|x64 = Release|x64
		Release|x86 = Release|x86
	EndGlobalSection
	GlobalSection(ProjectConfigurationPlatforms) = postSolution
		{444A91D0-0274-492A-BEBD-2515F9817568}.Debug|Any CPU.ActiveCfg = Debug|Any CPU
		{444A91D0-0274-492A-BEBD-2515F9817568}.Debug|Any CPU.Build.0 = Debug|Any CPU
		{444A91D0-0274-492A-BEBD-2515F9817568}.Debug|ARM.ActiveCfg = Debug|Any CPU
		{444A91D0-0274-492A-BEBD-2515F9817568}.Debug|ARM.Build.0 = Debug|Any CPU
		{444A91D0-0274-492A-BEBD-2515F9817568}.Debug|x64.ActiveCfg = Debug|Any CPU
		{444A91D0-0274-492A-BEBD-2515F9817568}.Debug|x64.Build.0 = Debug|Any CPU
		{444A91D0-0274-492A-BEBD-2515F9817568}.Debug|x86.ActiveCfg = Debug|Any CPU
		{444A91D0-0274-492A-BEBD-2515F9817568}.Debug|x86.Build.0 = Debug|Any CPU
		{444A91D0-0274-492A-BEBD-2515F9817568}.Release|Any CPU.ActiveCfg = Release|Any CPU
		{444A91D0-0274-492A-BEBD-2515F9817568}.Release|Any CPU.Build.0 = Release|Any CPU
		{444A91D0-0274-492A-BEBD-2515F9817568}.Release|ARM.ActiveCfg = Release|Any CPU
		{444A91D0-0274-492A-BEBD-2515F9817568}.Release|ARM.Build.0 = Release|Any CPU
		{444A91D0-0274-492A-BEBD-2515F9817568}.Release|x64.ActiveCfg = Release|Any CPU
		{444A91D0-0274-492A-BEBD-2515F9817568}.Release|x64.Build.0 = Release|Any CPU
		{444A91D0-0274-492A-BEBD-2515F9817568}.Release|x86.ActiveCfg = Release|Any CPU
		{444A91D0-0274-492A-BEBD-2515F9817568}.Release|x86.Build.0 = Release|Any CPU
		{28E8F208-B45A-4FA8-AC89-23F4F59697A5}.Debug|Any CPU.ActiveCfg = Debug|Any CPU
		{28E8F208-B45A-4FA8-AC89-23F4F59697A5}.Debug|Any CPU.Build.0 = Debug|Any CPU
		{28E8F208-B45A-4FA8-AC89-23F4F59697A5}.Debug|ARM.ActiveCfg = Debug|Any CPU
		{28E8F208-B45A-4FA8-AC89-23F4F59697A5}.Debug|ARM.Build.0 = Debug|Any CPU
		{28E8F208-B45A-4FA8-AC89-23F4F59697A5}.Debug|x64.ActiveCfg = Debug|Any CPU
		{28E8F208-B45A-4FA8-AC89-23F4F59697A5}.Debug|x64.Build.0 = Debug|Any CPU
		{28E8F208-B45A-4FA8-AC89-23F4F59697A5}.Debug|x86.ActiveCfg = Debug|Any CPU
		{28E8F208-B45A-4FA8-AC89-23F4F59697A5}.Debug|x86.Build.0 = Debug|Any CPU
		{28E8F208-B45A-4FA8-AC89-23F4F59697A5}.Release|Any CPU.ActiveCfg = Release|Any CPU
		{28E8F208-B45A-4FA8-AC89-23F4F59697A5}.Release|Any CPU.Build.0 = Release|Any CPU
		{28E8F208-B45A-4FA8-AC89-23F4F59697A5}.Release|ARM.ActiveCfg = Release|Any CPU
		{28E8F208-B45A-4FA8-AC89-23F4F59697A5}.Release|ARM.Build.0 = Release|Any CPU
		{28E8F208-B45A-4FA8-AC89-23F4F59697A5}.Release|x64.ActiveCfg = Release|Any CPU
		{28E8F208-B45A-4FA8-AC89-23F4F59697A5}.Release|x64.Build.0 = Release|Any CPU
		{28E8F208-B45A-4FA8-AC89-23F4F59697A5}.Release|x86.ActiveCfg = Release|Any CPU
		{28E8F208-B45A-4FA8-AC89-23F4F59697A5}.Release|x86.Build.0 = Release|Any CPU
		{694C0F6F-9ED1-4385-81BA-9A3242D25812}.Debug|Any CPU.ActiveCfg = Debug|Any CPU
		{694C0F6F-9ED1-4385-81BA-9A3242D25812}.Debug|Any CPU.Build.0 = Debug|Any CPU
		{694C0F6F-9ED1-4385-81BA-9A3242D25812}.Debug|ARM.ActiveCfg = Debug|Any CPU
		{694C0F6F-9ED1-4385-81BA-9A3242D25812}.Debug|ARM.Build.0 = Debug|Any CPU
		{694C0F6F-9ED1-4385-81BA-9A3242D25812}.Debug|x64.ActiveCfg = Debug|Any CPU
		{694C0F6F-9ED1-4385-81BA-9A3242D25812}.Debug|x64.Build.0 = Debug|Any CPU
		{694C0F6F-9ED1-4385-81BA-9A3242D25812}.Debug|x86.ActiveCfg = Debug|Any CPU
		{694C0F6F-9ED1-4385-81BA-9A3242D25812}.Debug|x86.Build.0 = Debug|Any CPU
		{694C0F6F-9ED1-4385-81BA-9A3242D25812}.Release|Any CPU.ActiveCfg = Release|Any CPU
		{694C0F6F-9ED1-4385-81BA-9A3242D25812}.Release|Any CPU.Build.0 = Release|Any CPU
		{694C0F6F-9ED1-4385-81BA-9A3242D25812}.Release|ARM.ActiveCfg = Release|Any CPU
		{694C0F6F-9ED1-4385-81BA-9A3242D25812}.Release|ARM.Build.0 = Release|Any CPU
		{694C0F6F-9ED1-4385-81BA-9A3242D25812}.Release|x64.ActiveCfg = Release|Any CPU
		{694C0F6F-9ED1-4385-81BA-9A3242D25812}.Release|x64.Build.0 = Release|Any CPU
		{694C0F6F-9ED1-4385-81BA-9A3242D25812}.Release|x86.ActiveCfg = Release|Any CPU
		{694C0F6F-9ED1-4385-81BA-9A3242D25812}.Release|x86.Build.0 = Release|Any CPU
		{CF818575-37D2-4D26-A6C0-0B2A182F1B0E}.Debug|Any CPU.ActiveCfg = Debug|Any CPU
		{CF818575-37D2-4D26-A6C0-0B2A182F1B0E}.Debug|Any CPU.Build.0 = Debug|Any CPU
		{CF818575-37D2-4D26-A6C0-0B2A182F1B0E}.Debug|ARM.ActiveCfg = Debug|Any CPU
		{CF818575-37D2-4D26-A6C0-0B2A182F1B0E}.Debug|ARM.Build.0 = Debug|Any CPU
		{CF818575-37D2-4D26-A6C0-0B2A182F1B0E}.Debug|x64.ActiveCfg = Debug|Any CPU
		{CF818575-37D2-4D26-A6C0-0B2A182F1B0E}.Debug|x64.Build.0 = Debug|Any CPU
		{CF818575-37D2-4D26-A6C0-0B2A182F1B0E}.Debug|x86.ActiveCfg = Debug|Any CPU
		{CF818575-37D2-4D26-A6C0-0B2A182F1B0E}.Debug|x86.Build.0 = Debug|Any CPU
		{CF818575-37D2-4D26-A6C0-0B2A182F1B0E}.Release|Any CPU.ActiveCfg = Release|Any CPU
		{CF818575-37D2-4D26-A6C0-0B2A182F1B0E}.Release|Any CPU.Build.0 = Release|Any CPU
		{CF818575-37D2-4D26-A6C0-0B2A182F1B0E}.Release|ARM.ActiveCfg = Release|Any CPU
		{CF818575-37D2-4D26-A6C0-0B2A182F1B0E}.Release|ARM.Build.0 = Release|Any CPU
		{CF818575-37D2-4D26-A6C0-0B2A182F1B0E}.Release|x64.ActiveCfg = Release|Any CPU
		{CF818575-37D2-4D26-A6C0-0B2A182F1B0E}.Release|x64.Build.0 = Release|Any CPU
		{CF818575-37D2-4D26-A6C0-0B2A182F1B0E}.Release|x86.ActiveCfg = Release|Any CPU
		{CF818575-37D2-4D26-A6C0-0B2A182F1B0E}.Release|x86.Build.0 = Release|Any CPU
		{244E6BF0-D082-4D7A-9E5A-AE6C524D68E4}.Debug|Any CPU.ActiveCfg = Debug|Any CPU
		{244E6BF0-D082-4D7A-9E5A-AE6C524D68E4}.Debug|Any CPU.Build.0 = Debug|Any CPU
		{244E6BF0-D082-4D7A-9E5A-AE6C524D68E4}.Debug|ARM.ActiveCfg = Debug|Any CPU
		{244E6BF0-D082-4D7A-9E5A-AE6C524D68E4}.Debug|ARM.Build.0 = Debug|Any CPU
		{244E6BF0-D082-4D7A-9E5A-AE6C524D68E4}.Debug|x64.ActiveCfg = Debug|Any CPU
		{244E6BF0-D082-4D7A-9E5A-AE6C524D68E4}.Debug|x64.Build.0 = Debug|Any CPU
		{244E6BF0-D082-4D7A-9E5A-AE6C524D68E4}.Debug|x86.ActiveCfg = Debug|Any CPU
		{244E6BF0-D082-4D7A-9E5A-AE6C524D68E4}.Debug|x86.Build.0 = Debug|Any CPU
		{244E6BF0-D082-4D7A-9E5A-AE6C524D68E4}.Release|Any CPU.ActiveCfg = Release|Any CPU
		{244E6BF0-D082-4D7A-9E5A-AE6C524D68E4}.Release|Any CPU.Build.0 = Release|Any CPU
		{244E6BF0-D082-4D7A-9E5A-AE6C524D68E4}.Release|ARM.ActiveCfg = Release|Any CPU
		{244E6BF0-D082-4D7A-9E5A-AE6C524D68E4}.Release|ARM.Build.0 = Release|Any CPU
		{244E6BF0-D082-4D7A-9E5A-AE6C524D68E4}.Release|x64.ActiveCfg = Release|Any CPU
		{244E6BF0-D082-4D7A-9E5A-AE6C524D68E4}.Release|x64.Build.0 = Release|Any CPU
		{244E6BF0-D082-4D7A-9E5A-AE6C524D68E4}.Release|x86.ActiveCfg = Release|Any CPU
		{244E6BF0-D082-4D7A-9E5A-AE6C524D68E4}.Release|x86.Build.0 = Release|Any CPU
		{D1E9EEEA-B062-45E8-92A1-811403D022F5}.Debug|Any CPU.ActiveCfg = Debug|Any CPU
		{D1E9EEEA-B062-45E8-92A1-811403D022F5}.Debug|Any CPU.Build.0 = Debug|Any CPU
		{D1E9EEEA-B062-45E8-92A1-811403D022F5}.Debug|ARM.ActiveCfg = Debug|Any CPU
		{D1E9EEEA-B062-45E8-92A1-811403D022F5}.Debug|ARM.Build.0 = Debug|Any CPU
		{D1E9EEEA-B062-45E8-92A1-811403D022F5}.Debug|x64.ActiveCfg = Debug|Any CPU
		{D1E9EEEA-B062-45E8-92A1-811403D022F5}.Debug|x64.Build.0 = Debug|Any CPU
		{D1E9EEEA-B062-45E8-92A1-811403D022F5}.Debug|x86.ActiveCfg = Debug|Any CPU
		{D1E9EEEA-B062-45E8-92A1-811403D022F5}.Debug|x86.Build.0 = Debug|Any CPU
		{D1E9EEEA-B062-45E8-92A1-811403D022F5}.Release|Any CPU.ActiveCfg = Release|Any CPU
		{D1E9EEEA-B062-45E8-92A1-811403D022F5}.Release|Any CPU.Build.0 = Release|Any CPU
		{D1E9EEEA-B062-45E8-92A1-811403D022F5}.Release|ARM.ActiveCfg = Release|Any CPU
		{D1E9EEEA-B062-45E8-92A1-811403D022F5}.Release|ARM.Build.0 = Release|Any CPU
		{D1E9EEEA-B062-45E8-92A1-811403D022F5}.Release|x64.ActiveCfg = Release|Any CPU
		{D1E9EEEA-B062-45E8-92A1-811403D022F5}.Release|x64.Build.0 = Release|Any CPU
		{D1E9EEEA-B062-45E8-92A1-811403D022F5}.Release|x86.ActiveCfg = Release|Any CPU
		{D1E9EEEA-B062-45E8-92A1-811403D022F5}.Release|x86.Build.0 = Release|Any CPU
		{D0B68ED3-BA25-4169-B074-302D6CC477A3}.Debug|Any CPU.ActiveCfg = Debug|Any CPU
		{D0B68ED3-BA25-4169-B074-302D6CC477A3}.Debug|Any CPU.Build.0 = Debug|Any CPU
		{D0B68ED3-BA25-4169-B074-302D6CC477A3}.Debug|ARM.ActiveCfg = Debug|Any CPU
		{D0B68ED3-BA25-4169-B074-302D6CC477A3}.Debug|ARM.Build.0 = Debug|Any CPU
		{D0B68ED3-BA25-4169-B074-302D6CC477A3}.Debug|x64.ActiveCfg = Debug|Any CPU
		{D0B68ED3-BA25-4169-B074-302D6CC477A3}.Debug|x64.Build.0 = Debug|Any CPU
		{D0B68ED3-BA25-4169-B074-302D6CC477A3}.Debug|x86.ActiveCfg = Debug|Any CPU
		{D0B68ED3-BA25-4169-B074-302D6CC477A3}.Debug|x86.Build.0 = Debug|Any CPU
		{D0B68ED3-BA25-4169-B074-302D6CC477A3}.Release|Any CPU.ActiveCfg = Release|Any CPU
		{D0B68ED3-BA25-4169-B074-302D6CC477A3}.Release|Any CPU.Build.0 = Release|Any CPU
		{D0B68ED3-BA25-4169-B074-302D6CC477A3}.Release|ARM.ActiveCfg = Release|Any CPU
		{D0B68ED3-BA25-4169-B074-302D6CC477A3}.Release|ARM.Build.0 = Release|Any CPU
		{D0B68ED3-BA25-4169-B074-302D6CC477A3}.Release|x64.ActiveCfg = Release|Any CPU
		{D0B68ED3-BA25-4169-B074-302D6CC477A3}.Release|x64.Build.0 = Release|Any CPU
		{D0B68ED3-BA25-4169-B074-302D6CC477A3}.Release|x86.ActiveCfg = Release|Any CPU
		{D0B68ED3-BA25-4169-B074-302D6CC477A3}.Release|x86.Build.0 = Release|Any CPU
		{D68C98B7-241E-42C2-97BB-5E4A76DD832B}.Debug|Any CPU.ActiveCfg = Debug|Any CPU
		{D68C98B7-241E-42C2-97BB-5E4A76DD832B}.Debug|Any CPU.Build.0 = Debug|Any CPU
		{D68C98B7-241E-42C2-97BB-5E4A76DD832B}.Debug|ARM.ActiveCfg = Debug|Any CPU
		{D68C98B7-241E-42C2-97BB-5E4A76DD832B}.Debug|ARM.Build.0 = Debug|Any CPU
		{D68C98B7-241E-42C2-97BB-5E4A76DD832B}.Debug|x64.ActiveCfg = Debug|Any CPU
		{D68C98B7-241E-42C2-97BB-5E4A76DD832B}.Debug|x64.Build.0 = Debug|Any CPU
		{D68C98B7-241E-42C2-97BB-5E4A76DD832B}.Debug|x86.ActiveCfg = Debug|Any CPU
		{D68C98B7-241E-42C2-97BB-5E4A76DD832B}.Debug|x86.Build.0 = Debug|Any CPU
		{D68C98B7-241E-42C2-97BB-5E4A76DD832B}.Release|Any CPU.ActiveCfg = Release|Any CPU
		{D68C98B7-241E-42C2-97BB-5E4A76DD832B}.Release|Any CPU.Build.0 = Release|Any CPU
		{D68C98B7-241E-42C2-97BB-5E4A76DD832B}.Release|ARM.ActiveCfg = Release|Any CPU
		{D68C98B7-241E-42C2-97BB-5E4A76DD832B}.Release|ARM.Build.0 = Release|Any CPU
		{D68C98B7-241E-42C2-97BB-5E4A76DD832B}.Release|x64.ActiveCfg = Release|Any CPU
		{D68C98B7-241E-42C2-97BB-5E4A76DD832B}.Release|x64.Build.0 = Release|Any CPU
		{D68C98B7-241E-42C2-97BB-5E4A76DD832B}.Release|x86.ActiveCfg = Release|Any CPU
		{D68C98B7-241E-42C2-97BB-5E4A76DD832B}.Release|x86.Build.0 = Release|Any CPU
		{84B1C910-EF19-492F-8C96-494FF42E4F38}.Debug|Any CPU.ActiveCfg = Debug|Any CPU
		{84B1C910-EF19-492F-8C96-494FF42E4F38}.Debug|Any CPU.Build.0 = Debug|Any CPU
		{84B1C910-EF19-492F-8C96-494FF42E4F38}.Debug|ARM.ActiveCfg = Debug|Any CPU
		{84B1C910-EF19-492F-8C96-494FF42E4F38}.Debug|ARM.Build.0 = Debug|Any CPU
		{84B1C910-EF19-492F-8C96-494FF42E4F38}.Debug|x64.ActiveCfg = Debug|Any CPU
		{84B1C910-EF19-492F-8C96-494FF42E4F38}.Debug|x64.Build.0 = Debug|Any CPU
		{84B1C910-EF19-492F-8C96-494FF42E4F38}.Debug|x86.ActiveCfg = Debug|Any CPU
		{84B1C910-EF19-492F-8C96-494FF42E4F38}.Debug|x86.Build.0 = Debug|Any CPU
		{84B1C910-EF19-492F-8C96-494FF42E4F38}.Release|Any CPU.ActiveCfg = Release|Any CPU
		{84B1C910-EF19-492F-8C96-494FF42E4F38}.Release|Any CPU.Build.0 = Release|Any CPU
		{84B1C910-EF19-492F-8C96-494FF42E4F38}.Release|ARM.ActiveCfg = Release|Any CPU
		{84B1C910-EF19-492F-8C96-494FF42E4F38}.Release|ARM.Build.0 = Release|Any CPU
		{84B1C910-EF19-492F-8C96-494FF42E4F38}.Release|x64.ActiveCfg = Release|Any CPU
		{84B1C910-EF19-492F-8C96-494FF42E4F38}.Release|x64.Build.0 = Release|Any CPU
		{84B1C910-EF19-492F-8C96-494FF42E4F38}.Release|x86.ActiveCfg = Release|Any CPU
		{84B1C910-EF19-492F-8C96-494FF42E4F38}.Release|x86.Build.0 = Release|Any CPU
		{03E96825-FA36-45B9-BF5E-F8D49066E9C1}.Debug|Any CPU.ActiveCfg = Debug|Any CPU
		{03E96825-FA36-45B9-BF5E-F8D49066E9C1}.Debug|Any CPU.Build.0 = Debug|Any CPU
		{03E96825-FA36-45B9-BF5E-F8D49066E9C1}.Debug|ARM.ActiveCfg = Debug|Any CPU
		{03E96825-FA36-45B9-BF5E-F8D49066E9C1}.Debug|ARM.Build.0 = Debug|Any CPU
		{03E96825-FA36-45B9-BF5E-F8D49066E9C1}.Debug|x64.ActiveCfg = Debug|Any CPU
		{03E96825-FA36-45B9-BF5E-F8D49066E9C1}.Debug|x64.Build.0 = Debug|Any CPU
		{03E96825-FA36-45B9-BF5E-F8D49066E9C1}.Debug|x86.ActiveCfg = Debug|Any CPU
		{03E96825-FA36-45B9-BF5E-F8D49066E9C1}.Debug|x86.Build.0 = Debug|Any CPU
		{03E96825-FA36-45B9-BF5E-F8D49066E9C1}.Release|Any CPU.ActiveCfg = Release|Any CPU
		{03E96825-FA36-45B9-BF5E-F8D49066E9C1}.Release|Any CPU.Build.0 = Release|Any CPU
		{03E96825-FA36-45B9-BF5E-F8D49066E9C1}.Release|ARM.ActiveCfg = Release|Any CPU
		{03E96825-FA36-45B9-BF5E-F8D49066E9C1}.Release|ARM.Build.0 = Release|Any CPU
		{03E96825-FA36-45B9-BF5E-F8D49066E9C1}.Release|x64.ActiveCfg = Release|Any CPU
		{03E96825-FA36-45B9-BF5E-F8D49066E9C1}.Release|x64.Build.0 = Release|Any CPU
		{03E96825-FA36-45B9-BF5E-F8D49066E9C1}.Release|x86.ActiveCfg = Release|Any CPU
		{03E96825-FA36-45B9-BF5E-F8D49066E9C1}.Release|x86.Build.0 = Release|Any CPU
		{51322595-4423-46D9-8AAD-7486FC87E15C}.Debug|Any CPU.ActiveCfg = Debug|Any CPU
		{51322595-4423-46D9-8AAD-7486FC87E15C}.Debug|Any CPU.Build.0 = Debug|Any CPU
		{51322595-4423-46D9-8AAD-7486FC87E15C}.Debug|ARM.ActiveCfg = Debug|Any CPU
		{51322595-4423-46D9-8AAD-7486FC87E15C}.Debug|ARM.Build.0 = Debug|Any CPU
		{51322595-4423-46D9-8AAD-7486FC87E15C}.Debug|x64.ActiveCfg = Debug|Any CPU
		{51322595-4423-46D9-8AAD-7486FC87E15C}.Debug|x64.Build.0 = Debug|Any CPU
		{51322595-4423-46D9-8AAD-7486FC87E15C}.Debug|x86.ActiveCfg = Debug|Any CPU
		{51322595-4423-46D9-8AAD-7486FC87E15C}.Debug|x86.Build.0 = Debug|Any CPU
		{51322595-4423-46D9-8AAD-7486FC87E15C}.Release|Any CPU.ActiveCfg = Release|Any CPU
		{51322595-4423-46D9-8AAD-7486FC87E15C}.Release|Any CPU.Build.0 = Release|Any CPU
		{51322595-4423-46D9-8AAD-7486FC87E15C}.Release|ARM.ActiveCfg = Release|Any CPU
		{51322595-4423-46D9-8AAD-7486FC87E15C}.Release|ARM.Build.0 = Release|Any CPU
		{51322595-4423-46D9-8AAD-7486FC87E15C}.Release|x64.ActiveCfg = Release|Any CPU
		{51322595-4423-46D9-8AAD-7486FC87E15C}.Release|x64.Build.0 = Release|Any CPU
		{51322595-4423-46D9-8AAD-7486FC87E15C}.Release|x86.ActiveCfg = Release|Any CPU
		{51322595-4423-46D9-8AAD-7486FC87E15C}.Release|x86.Build.0 = Release|Any CPU
		{3A56DC89-408B-488D-BDD4-A331A3DA6950}.Debug|Any CPU.ActiveCfg = Debug|Any CPU
		{3A56DC89-408B-488D-BDD4-A331A3DA6950}.Debug|Any CPU.Build.0 = Debug|Any CPU
		{3A56DC89-408B-488D-BDD4-A331A3DA6950}.Debug|ARM.ActiveCfg = Debug|Any CPU
		{3A56DC89-408B-488D-BDD4-A331A3DA6950}.Debug|ARM.Build.0 = Debug|Any CPU
		{3A56DC89-408B-488D-BDD4-A331A3DA6950}.Debug|x64.ActiveCfg = Debug|Any CPU
		{3A56DC89-408B-488D-BDD4-A331A3DA6950}.Debug|x64.Build.0 = Debug|Any CPU
		{3A56DC89-408B-488D-BDD4-A331A3DA6950}.Debug|x86.ActiveCfg = Debug|Any CPU
		{3A56DC89-408B-488D-BDD4-A331A3DA6950}.Debug|x86.Build.0 = Debug|Any CPU
		{3A56DC89-408B-488D-BDD4-A331A3DA6950}.Release|Any CPU.ActiveCfg = Release|Any CPU
		{3A56DC89-408B-488D-BDD4-A331A3DA6950}.Release|Any CPU.Build.0 = Release|Any CPU
		{3A56DC89-408B-488D-BDD4-A331A3DA6950}.Release|ARM.ActiveCfg = Release|Any CPU
		{3A56DC89-408B-488D-BDD4-A331A3DA6950}.Release|ARM.Build.0 = Release|Any CPU
		{3A56DC89-408B-488D-BDD4-A331A3DA6950}.Release|x64.ActiveCfg = Release|Any CPU
		{3A56DC89-408B-488D-BDD4-A331A3DA6950}.Release|x64.Build.0 = Release|Any CPU
		{3A56DC89-408B-488D-BDD4-A331A3DA6950}.Release|x86.ActiveCfg = Release|Any CPU
		{3A56DC89-408B-488D-BDD4-A331A3DA6950}.Release|x86.Build.0 = Release|Any CPU
		{80834A07-E5A3-4D3A-93B2-BF745B5FDAAC}.Debug|Any CPU.ActiveCfg = Debug|Any CPU
		{80834A07-E5A3-4D3A-93B2-BF745B5FDAAC}.Debug|Any CPU.Build.0 = Debug|Any CPU
		{80834A07-E5A3-4D3A-93B2-BF745B5FDAAC}.Debug|ARM.ActiveCfg = Debug|Any CPU
		{80834A07-E5A3-4D3A-93B2-BF745B5FDAAC}.Debug|ARM.Build.0 = Debug|Any CPU
		{80834A07-E5A3-4D3A-93B2-BF745B5FDAAC}.Debug|x64.ActiveCfg = Debug|Any CPU
		{80834A07-E5A3-4D3A-93B2-BF745B5FDAAC}.Debug|x64.Build.0 = Debug|Any CPU
		{80834A07-E5A3-4D3A-93B2-BF745B5FDAAC}.Debug|x86.ActiveCfg = Debug|Any CPU
		{80834A07-E5A3-4D3A-93B2-BF745B5FDAAC}.Debug|x86.Build.0 = Debug|Any CPU
		{80834A07-E5A3-4D3A-93B2-BF745B5FDAAC}.Release|Any CPU.ActiveCfg = Release|Any CPU
		{80834A07-E5A3-4D3A-93B2-BF745B5FDAAC}.Release|Any CPU.Build.0 = Release|Any CPU
		{80834A07-E5A3-4D3A-93B2-BF745B5FDAAC}.Release|ARM.ActiveCfg = Release|Any CPU
		{80834A07-E5A3-4D3A-93B2-BF745B5FDAAC}.Release|ARM.Build.0 = Release|Any CPU
		{80834A07-E5A3-4D3A-93B2-BF745B5FDAAC}.Release|x64.ActiveCfg = Release|Any CPU
		{80834A07-E5A3-4D3A-93B2-BF745B5FDAAC}.Release|x64.Build.0 = Release|Any CPU
		{80834A07-E5A3-4D3A-93B2-BF745B5FDAAC}.Release|x86.ActiveCfg = Release|Any CPU
		{80834A07-E5A3-4D3A-93B2-BF745B5FDAAC}.Release|x86.Build.0 = Release|Any CPU
		{FDF32D49-27A8-48B5-A62E-128E3634615F}.Debug|Any CPU.ActiveCfg = Debug|Any CPU
		{FDF32D49-27A8-48B5-A62E-128E3634615F}.Debug|Any CPU.Build.0 = Debug|Any CPU
		{FDF32D49-27A8-48B5-A62E-128E3634615F}.Debug|ARM.ActiveCfg = Debug|Any CPU
		{FDF32D49-27A8-48B5-A62E-128E3634615F}.Debug|ARM.Build.0 = Debug|Any CPU
		{FDF32D49-27A8-48B5-A62E-128E3634615F}.Debug|x64.ActiveCfg = Debug|Any CPU
		{FDF32D49-27A8-48B5-A62E-128E3634615F}.Debug|x64.Build.0 = Debug|Any CPU
		{FDF32D49-27A8-48B5-A62E-128E3634615F}.Debug|x86.ActiveCfg = Debug|Any CPU
		{FDF32D49-27A8-48B5-A62E-128E3634615F}.Debug|x86.Build.0 = Debug|Any CPU
		{FDF32D49-27A8-48B5-A62E-128E3634615F}.Release|Any CPU.ActiveCfg = Release|Any CPU
		{FDF32D49-27A8-48B5-A62E-128E3634615F}.Release|Any CPU.Build.0 = Release|Any CPU
		{FDF32D49-27A8-48B5-A62E-128E3634615F}.Release|ARM.ActiveCfg = Release|Any CPU
		{FDF32D49-27A8-48B5-A62E-128E3634615F}.Release|ARM.Build.0 = Release|Any CPU
		{FDF32D49-27A8-48B5-A62E-128E3634615F}.Release|x64.ActiveCfg = Release|Any CPU
		{FDF32D49-27A8-48B5-A62E-128E3634615F}.Release|x64.Build.0 = Release|Any CPU
		{FDF32D49-27A8-48B5-A62E-128E3634615F}.Release|x86.ActiveCfg = Release|Any CPU
		{FDF32D49-27A8-48B5-A62E-128E3634615F}.Release|x86.Build.0 = Release|Any CPU
		{CA5E0894-4E34-478E-8FE0-9218F53B5980}.Debug|Any CPU.ActiveCfg = Debug|Any CPU
		{CA5E0894-4E34-478E-8FE0-9218F53B5980}.Debug|Any CPU.Build.0 = Debug|Any CPU
		{CA5E0894-4E34-478E-8FE0-9218F53B5980}.Debug|ARM.ActiveCfg = Debug|Any CPU
		{CA5E0894-4E34-478E-8FE0-9218F53B5980}.Debug|ARM.Build.0 = Debug|Any CPU
		{CA5E0894-4E34-478E-8FE0-9218F53B5980}.Debug|x64.ActiveCfg = Debug|Any CPU
		{CA5E0894-4E34-478E-8FE0-9218F53B5980}.Debug|x64.Build.0 = Debug|Any CPU
		{CA5E0894-4E34-478E-8FE0-9218F53B5980}.Debug|x86.ActiveCfg = Debug|Any CPU
		{CA5E0894-4E34-478E-8FE0-9218F53B5980}.Debug|x86.Build.0 = Debug|Any CPU
		{CA5E0894-4E34-478E-8FE0-9218F53B5980}.Release|Any CPU.ActiveCfg = Release|Any CPU
		{CA5E0894-4E34-478E-8FE0-9218F53B5980}.Release|Any CPU.Build.0 = Release|Any CPU
		{CA5E0894-4E34-478E-8FE0-9218F53B5980}.Release|ARM.ActiveCfg = Release|Any CPU
		{CA5E0894-4E34-478E-8FE0-9218F53B5980}.Release|ARM.Build.0 = Release|Any CPU
		{CA5E0894-4E34-478E-8FE0-9218F53B5980}.Release|x64.ActiveCfg = Release|Any CPU
		{CA5E0894-4E34-478E-8FE0-9218F53B5980}.Release|x64.Build.0 = Release|Any CPU
		{CA5E0894-4E34-478E-8FE0-9218F53B5980}.Release|x86.ActiveCfg = Release|Any CPU
		{CA5E0894-4E34-478E-8FE0-9218F53B5980}.Release|x86.Build.0 = Release|Any CPU
		{A323C69C-B3AF-4154-B725-3446A712E685}.Debug|Any CPU.ActiveCfg = Debug|Any CPU
		{A323C69C-B3AF-4154-B725-3446A712E685}.Debug|Any CPU.Build.0 = Debug|Any CPU
		{A323C69C-B3AF-4154-B725-3446A712E685}.Debug|ARM.ActiveCfg = Debug|Any CPU
		{A323C69C-B3AF-4154-B725-3446A712E685}.Debug|ARM.Build.0 = Debug|Any CPU
		{A323C69C-B3AF-4154-B725-3446A712E685}.Debug|x64.ActiveCfg = Debug|Any CPU
		{A323C69C-B3AF-4154-B725-3446A712E685}.Debug|x64.Build.0 = Debug|Any CPU
		{A323C69C-B3AF-4154-B725-3446A712E685}.Debug|x86.ActiveCfg = Debug|Any CPU
		{A323C69C-B3AF-4154-B725-3446A712E685}.Debug|x86.Build.0 = Debug|Any CPU
		{A323C69C-B3AF-4154-B725-3446A712E685}.Release|Any CPU.ActiveCfg = Release|Any CPU
		{A323C69C-B3AF-4154-B725-3446A712E685}.Release|Any CPU.Build.0 = Release|Any CPU
		{A323C69C-B3AF-4154-B725-3446A712E685}.Release|ARM.ActiveCfg = Release|Any CPU
		{A323C69C-B3AF-4154-B725-3446A712E685}.Release|ARM.Build.0 = Release|Any CPU
		{A323C69C-B3AF-4154-B725-3446A712E685}.Release|x64.ActiveCfg = Release|Any CPU
		{A323C69C-B3AF-4154-B725-3446A712E685}.Release|x64.Build.0 = Release|Any CPU
		{A323C69C-B3AF-4154-B725-3446A712E685}.Release|x86.ActiveCfg = Release|Any CPU
		{A323C69C-B3AF-4154-B725-3446A712E685}.Release|x86.Build.0 = Release|Any CPU
		{E932C842-4A71-43C0-B2F4-DEF58669BE4A}.Debug|Any CPU.ActiveCfg = Debug|Any CPU
		{E932C842-4A71-43C0-B2F4-DEF58669BE4A}.Debug|Any CPU.Build.0 = Debug|Any CPU
		{E932C842-4A71-43C0-B2F4-DEF58669BE4A}.Debug|ARM.ActiveCfg = Debug|Any CPU
		{E932C842-4A71-43C0-B2F4-DEF58669BE4A}.Debug|ARM.Build.0 = Debug|Any CPU
		{E932C842-4A71-43C0-B2F4-DEF58669BE4A}.Debug|x64.ActiveCfg = Debug|Any CPU
		{E932C842-4A71-43C0-B2F4-DEF58669BE4A}.Debug|x64.Build.0 = Debug|Any CPU
		{E932C842-4A71-43C0-B2F4-DEF58669BE4A}.Debug|x86.ActiveCfg = Debug|Any CPU
		{E932C842-4A71-43C0-B2F4-DEF58669BE4A}.Debug|x86.Build.0 = Debug|Any CPU
		{E932C842-4A71-43C0-B2F4-DEF58669BE4A}.Release|Any CPU.ActiveCfg = Release|Any CPU
		{E932C842-4A71-43C0-B2F4-DEF58669BE4A}.Release|Any CPU.Build.0 = Release|Any CPU
		{E932C842-4A71-43C0-B2F4-DEF58669BE4A}.Release|ARM.ActiveCfg = Release|Any CPU
		{E932C842-4A71-43C0-B2F4-DEF58669BE4A}.Release|ARM.Build.0 = Release|Any CPU
		{E932C842-4A71-43C0-B2F4-DEF58669BE4A}.Release|x64.ActiveCfg = Release|Any CPU
		{E932C842-4A71-43C0-B2F4-DEF58669BE4A}.Release|x64.Build.0 = Release|Any CPU
		{E932C842-4A71-43C0-B2F4-DEF58669BE4A}.Release|x86.ActiveCfg = Release|Any CPU
		{E932C842-4A71-43C0-B2F4-DEF58669BE4A}.Release|x86.Build.0 = Release|Any CPU
		{C5F02747-27CA-458A-93E5-75FDE0DFF3F9}.Debug|Any CPU.ActiveCfg = Debug|Any CPU
		{C5F02747-27CA-458A-93E5-75FDE0DFF3F9}.Debug|Any CPU.Build.0 = Debug|Any CPU
		{C5F02747-27CA-458A-93E5-75FDE0DFF3F9}.Debug|ARM.ActiveCfg = Debug|Any CPU
		{C5F02747-27CA-458A-93E5-75FDE0DFF3F9}.Debug|ARM.Build.0 = Debug|Any CPU
		{C5F02747-27CA-458A-93E5-75FDE0DFF3F9}.Debug|x64.ActiveCfg = Debug|Any CPU
		{C5F02747-27CA-458A-93E5-75FDE0DFF3F9}.Debug|x64.Build.0 = Debug|Any CPU
		{C5F02747-27CA-458A-93E5-75FDE0DFF3F9}.Debug|x86.ActiveCfg = Debug|Any CPU
		{C5F02747-27CA-458A-93E5-75FDE0DFF3F9}.Debug|x86.Build.0 = Debug|Any CPU
		{C5F02747-27CA-458A-93E5-75FDE0DFF3F9}.Release|Any CPU.ActiveCfg = Release|Any CPU
		{C5F02747-27CA-458A-93E5-75FDE0DFF3F9}.Release|Any CPU.Build.0 = Release|Any CPU
		{C5F02747-27CA-458A-93E5-75FDE0DFF3F9}.Release|ARM.ActiveCfg = Release|Any CPU
		{C5F02747-27CA-458A-93E5-75FDE0DFF3F9}.Release|ARM.Build.0 = Release|Any CPU
		{C5F02747-27CA-458A-93E5-75FDE0DFF3F9}.Release|x64.ActiveCfg = Release|Any CPU
		{C5F02747-27CA-458A-93E5-75FDE0DFF3F9}.Release|x64.Build.0 = Release|Any CPU
		{C5F02747-27CA-458A-93E5-75FDE0DFF3F9}.Release|x86.ActiveCfg = Release|Any CPU
		{C5F02747-27CA-458A-93E5-75FDE0DFF3F9}.Release|x86.Build.0 = Release|Any CPU
		{00B62408-49BA-4A1C-B929-008A4E48C5E1}.Debug|Any CPU.ActiveCfg = Debug|Any CPU
		{00B62408-49BA-4A1C-B929-008A4E48C5E1}.Debug|Any CPU.Build.0 = Debug|Any CPU
		{00B62408-49BA-4A1C-B929-008A4E48C5E1}.Debug|ARM.ActiveCfg = Debug|Any CPU
		{00B62408-49BA-4A1C-B929-008A4E48C5E1}.Debug|ARM.Build.0 = Debug|Any CPU
		{00B62408-49BA-4A1C-B929-008A4E48C5E1}.Debug|x64.ActiveCfg = Debug|Any CPU
		{00B62408-49BA-4A1C-B929-008A4E48C5E1}.Debug|x64.Build.0 = Debug|Any CPU
		{00B62408-49BA-4A1C-B929-008A4E48C5E1}.Debug|x86.ActiveCfg = Debug|Any CPU
		{00B62408-49BA-4A1C-B929-008A4E48C5E1}.Debug|x86.Build.0 = Debug|Any CPU
		{00B62408-49BA-4A1C-B929-008A4E48C5E1}.Release|Any CPU.ActiveCfg = Release|Any CPU
		{00B62408-49BA-4A1C-B929-008A4E48C5E1}.Release|Any CPU.Build.0 = Release|Any CPU
		{00B62408-49BA-4A1C-B929-008A4E48C5E1}.Release|ARM.ActiveCfg = Release|Any CPU
		{00B62408-49BA-4A1C-B929-008A4E48C5E1}.Release|ARM.Build.0 = Release|Any CPU
		{00B62408-49BA-4A1C-B929-008A4E48C5E1}.Release|x64.ActiveCfg = Release|Any CPU
		{00B62408-49BA-4A1C-B929-008A4E48C5E1}.Release|x64.Build.0 = Release|Any CPU
		{00B62408-49BA-4A1C-B929-008A4E48C5E1}.Release|x86.ActiveCfg = Release|Any CPU
		{00B62408-49BA-4A1C-B929-008A4E48C5E1}.Release|x86.Build.0 = Release|Any CPU
		{004A50B1-2F25-469A-ABCE-090BD36E2631}.Debug|Any CPU.ActiveCfg = Debug|Any CPU
		{004A50B1-2F25-469A-ABCE-090BD36E2631}.Debug|Any CPU.Build.0 = Debug|Any CPU
		{004A50B1-2F25-469A-ABCE-090BD36E2631}.Debug|ARM.ActiveCfg = Debug|Any CPU
		{004A50B1-2F25-469A-ABCE-090BD36E2631}.Debug|ARM.Build.0 = Debug|Any CPU
		{004A50B1-2F25-469A-ABCE-090BD36E2631}.Debug|x64.ActiveCfg = Debug|Any CPU
		{004A50B1-2F25-469A-ABCE-090BD36E2631}.Debug|x64.Build.0 = Debug|Any CPU
		{004A50B1-2F25-469A-ABCE-090BD36E2631}.Debug|x86.ActiveCfg = Debug|Any CPU
		{004A50B1-2F25-469A-ABCE-090BD36E2631}.Debug|x86.Build.0 = Debug|Any CPU
		{004A50B1-2F25-469A-ABCE-090BD36E2631}.Release|Any CPU.ActiveCfg = Release|Any CPU
		{004A50B1-2F25-469A-ABCE-090BD36E2631}.Release|Any CPU.Build.0 = Release|Any CPU
		{004A50B1-2F25-469A-ABCE-090BD36E2631}.Release|ARM.ActiveCfg = Release|Any CPU
		{004A50B1-2F25-469A-ABCE-090BD36E2631}.Release|ARM.Build.0 = Release|Any CPU
		{004A50B1-2F25-469A-ABCE-090BD36E2631}.Release|x64.ActiveCfg = Release|Any CPU
		{004A50B1-2F25-469A-ABCE-090BD36E2631}.Release|x64.Build.0 = Release|Any CPU
		{004A50B1-2F25-469A-ABCE-090BD36E2631}.Release|x86.ActiveCfg = Release|Any CPU
		{004A50B1-2F25-469A-ABCE-090BD36E2631}.Release|x86.Build.0 = Release|Any CPU
		{605ED313-38FA-4A7B-B555-DCF0107C8A64}.Debug|Any CPU.ActiveCfg = Debug|Any CPU
		{605ED313-38FA-4A7B-B555-DCF0107C8A64}.Debug|Any CPU.Build.0 = Debug|Any CPU
		{605ED313-38FA-4A7B-B555-DCF0107C8A64}.Debug|ARM.ActiveCfg = Debug|Any CPU
		{605ED313-38FA-4A7B-B555-DCF0107C8A64}.Debug|ARM.Build.0 = Debug|Any CPU
		{605ED313-38FA-4A7B-B555-DCF0107C8A64}.Debug|x64.ActiveCfg = Debug|Any CPU
		{605ED313-38FA-4A7B-B555-DCF0107C8A64}.Debug|x64.Build.0 = Debug|Any CPU
		{605ED313-38FA-4A7B-B555-DCF0107C8A64}.Debug|x86.ActiveCfg = Debug|Any CPU
		{605ED313-38FA-4A7B-B555-DCF0107C8A64}.Debug|x86.Build.0 = Debug|Any CPU
		{605ED313-38FA-4A7B-B555-DCF0107C8A64}.Release|Any CPU.ActiveCfg = Release|Any CPU
		{605ED313-38FA-4A7B-B555-DCF0107C8A64}.Release|Any CPU.Build.0 = Release|Any CPU
		{605ED313-38FA-4A7B-B555-DCF0107C8A64}.Release|ARM.ActiveCfg = Release|Any CPU
		{605ED313-38FA-4A7B-B555-DCF0107C8A64}.Release|ARM.Build.0 = Release|Any CPU
		{605ED313-38FA-4A7B-B555-DCF0107C8A64}.Release|x64.ActiveCfg = Release|Any CPU
		{605ED313-38FA-4A7B-B555-DCF0107C8A64}.Release|x64.Build.0 = Release|Any CPU
		{605ED313-38FA-4A7B-B555-DCF0107C8A64}.Release|x86.ActiveCfg = Release|Any CPU
		{605ED313-38FA-4A7B-B555-DCF0107C8A64}.Release|x86.Build.0 = Release|Any CPU
		{2E60D6F9-93D3-4647-B05E-6E532ED9C3AD}.Debug|Any CPU.ActiveCfg = Debug|Any CPU
		{2E60D6F9-93D3-4647-B05E-6E532ED9C3AD}.Debug|Any CPU.Build.0 = Debug|Any CPU
		{2E60D6F9-93D3-4647-B05E-6E532ED9C3AD}.Debug|ARM.ActiveCfg = Debug|Any CPU
		{2E60D6F9-93D3-4647-B05E-6E532ED9C3AD}.Debug|ARM.Build.0 = Debug|Any CPU
		{2E60D6F9-93D3-4647-B05E-6E532ED9C3AD}.Debug|x64.ActiveCfg = Debug|Any CPU
		{2E60D6F9-93D3-4647-B05E-6E532ED9C3AD}.Debug|x64.Build.0 = Debug|Any CPU
		{2E60D6F9-93D3-4647-B05E-6E532ED9C3AD}.Debug|x86.ActiveCfg = Debug|Any CPU
		{2E60D6F9-93D3-4647-B05E-6E532ED9C3AD}.Debug|x86.Build.0 = Debug|Any CPU
		{2E60D6F9-93D3-4647-B05E-6E532ED9C3AD}.Release|Any CPU.ActiveCfg = Release|Any CPU
		{2E60D6F9-93D3-4647-B05E-6E532ED9C3AD}.Release|Any CPU.Build.0 = Release|Any CPU
		{2E60D6F9-93D3-4647-B05E-6E532ED9C3AD}.Release|ARM.ActiveCfg = Release|Any CPU
		{2E60D6F9-93D3-4647-B05E-6E532ED9C3AD}.Release|ARM.Build.0 = Release|Any CPU
		{2E60D6F9-93D3-4647-B05E-6E532ED9C3AD}.Release|x64.ActiveCfg = Release|Any CPU
		{2E60D6F9-93D3-4647-B05E-6E532ED9C3AD}.Release|x64.Build.0 = Release|Any CPU
		{2E60D6F9-93D3-4647-B05E-6E532ED9C3AD}.Release|x86.ActiveCfg = Release|Any CPU
		{2E60D6F9-93D3-4647-B05E-6E532ED9C3AD}.Release|x86.Build.0 = Release|Any CPU
		{E6B94A95-4D19-4AD0-8DBD-447489ADF20C}.Debug|Any CPU.ActiveCfg = Debug|Any CPU
		{E6B94A95-4D19-4AD0-8DBD-447489ADF20C}.Debug|Any CPU.Build.0 = Debug|Any CPU
		{E6B94A95-4D19-4AD0-8DBD-447489ADF20C}.Debug|ARM.ActiveCfg = Debug|Any CPU
		{E6B94A95-4D19-4AD0-8DBD-447489ADF20C}.Debug|ARM.Build.0 = Debug|Any CPU
		{E6B94A95-4D19-4AD0-8DBD-447489ADF20C}.Debug|x64.ActiveCfg = Debug|Any CPU
		{E6B94A95-4D19-4AD0-8DBD-447489ADF20C}.Debug|x64.Build.0 = Debug|Any CPU
		{E6B94A95-4D19-4AD0-8DBD-447489ADF20C}.Debug|x86.ActiveCfg = Debug|Any CPU
		{E6B94A95-4D19-4AD0-8DBD-447489ADF20C}.Debug|x86.Build.0 = Debug|Any CPU
		{E6B94A95-4D19-4AD0-8DBD-447489ADF20C}.Release|Any CPU.ActiveCfg = Release|Any CPU
		{E6B94A95-4D19-4AD0-8DBD-447489ADF20C}.Release|Any CPU.Build.0 = Release|Any CPU
		{E6B94A95-4D19-4AD0-8DBD-447489ADF20C}.Release|ARM.ActiveCfg = Release|Any CPU
		{E6B94A95-4D19-4AD0-8DBD-447489ADF20C}.Release|ARM.Build.0 = Release|Any CPU
		{E6B94A95-4D19-4AD0-8DBD-447489ADF20C}.Release|x64.ActiveCfg = Release|Any CPU
		{E6B94A95-4D19-4AD0-8DBD-447489ADF20C}.Release|x64.Build.0 = Release|Any CPU
		{E6B94A95-4D19-4AD0-8DBD-447489ADF20C}.Release|x86.ActiveCfg = Release|Any CPU
		{E6B94A95-4D19-4AD0-8DBD-447489ADF20C}.Release|x86.Build.0 = Release|Any CPU
		{922D3F8C-8ED7-4E09-94D3-AD965F56A018}.Debug|Any CPU.ActiveCfg = Debug|Any CPU
		{922D3F8C-8ED7-4E09-94D3-AD965F56A018}.Debug|Any CPU.Build.0 = Debug|Any CPU
		{922D3F8C-8ED7-4E09-94D3-AD965F56A018}.Debug|ARM.ActiveCfg = Debug|Any CPU
		{922D3F8C-8ED7-4E09-94D3-AD965F56A018}.Debug|ARM.Build.0 = Debug|Any CPU
		{922D3F8C-8ED7-4E09-94D3-AD965F56A018}.Debug|x64.ActiveCfg = Debug|Any CPU
		{922D3F8C-8ED7-4E09-94D3-AD965F56A018}.Debug|x64.Build.0 = Debug|Any CPU
		{922D3F8C-8ED7-4E09-94D3-AD965F56A018}.Debug|x86.ActiveCfg = Debug|Any CPU
		{922D3F8C-8ED7-4E09-94D3-AD965F56A018}.Debug|x86.Build.0 = Debug|Any CPU
		{922D3F8C-8ED7-4E09-94D3-AD965F56A018}.Release|Any CPU.ActiveCfg = Release|Any CPU
		{922D3F8C-8ED7-4E09-94D3-AD965F56A018}.Release|Any CPU.Build.0 = Release|Any CPU
		{922D3F8C-8ED7-4E09-94D3-AD965F56A018}.Release|ARM.ActiveCfg = Release|Any CPU
		{922D3F8C-8ED7-4E09-94D3-AD965F56A018}.Release|ARM.Build.0 = Release|Any CPU
		{922D3F8C-8ED7-4E09-94D3-AD965F56A018}.Release|x64.ActiveCfg = Release|Any CPU
		{922D3F8C-8ED7-4E09-94D3-AD965F56A018}.Release|x64.Build.0 = Release|Any CPU
		{922D3F8C-8ED7-4E09-94D3-AD965F56A018}.Release|x86.ActiveCfg = Release|Any CPU
		{922D3F8C-8ED7-4E09-94D3-AD965F56A018}.Release|x86.Build.0 = Release|Any CPU
		{4BA9C28F-3FE9-4588-A128-058219222FCC}.Debug|Any CPU.ActiveCfg = Debug|Any CPU
		{4BA9C28F-3FE9-4588-A128-058219222FCC}.Debug|Any CPU.Build.0 = Debug|Any CPU
		{4BA9C28F-3FE9-4588-A128-058219222FCC}.Debug|ARM.ActiveCfg = Debug|Any CPU
		{4BA9C28F-3FE9-4588-A128-058219222FCC}.Debug|ARM.Build.0 = Debug|Any CPU
		{4BA9C28F-3FE9-4588-A128-058219222FCC}.Debug|x64.ActiveCfg = Debug|Any CPU
		{4BA9C28F-3FE9-4588-A128-058219222FCC}.Debug|x64.Build.0 = Debug|Any CPU
		{4BA9C28F-3FE9-4588-A128-058219222FCC}.Debug|x86.ActiveCfg = Debug|Any CPU
		{4BA9C28F-3FE9-4588-A128-058219222FCC}.Debug|x86.Build.0 = Debug|Any CPU
		{4BA9C28F-3FE9-4588-A128-058219222FCC}.Release|Any CPU.ActiveCfg = Release|Any CPU
		{4BA9C28F-3FE9-4588-A128-058219222FCC}.Release|Any CPU.Build.0 = Release|Any CPU
		{4BA9C28F-3FE9-4588-A128-058219222FCC}.Release|ARM.ActiveCfg = Release|Any CPU
		{4BA9C28F-3FE9-4588-A128-058219222FCC}.Release|ARM.Build.0 = Release|Any CPU
		{4BA9C28F-3FE9-4588-A128-058219222FCC}.Release|x64.ActiveCfg = Release|Any CPU
		{4BA9C28F-3FE9-4588-A128-058219222FCC}.Release|x64.Build.0 = Release|Any CPU
		{4BA9C28F-3FE9-4588-A128-058219222FCC}.Release|x86.ActiveCfg = Release|Any CPU
		{4BA9C28F-3FE9-4588-A128-058219222FCC}.Release|x86.Build.0 = Release|Any CPU
		{C209B426-6CF1-40EF-B31C-AE3F08552FA5}.Debug|Any CPU.ActiveCfg = Debug|Any CPU
		{C209B426-6CF1-40EF-B31C-AE3F08552FA5}.Debug|Any CPU.Build.0 = Debug|Any CPU
		{C209B426-6CF1-40EF-B31C-AE3F08552FA5}.Debug|ARM.ActiveCfg = Debug|Any CPU
		{C209B426-6CF1-40EF-B31C-AE3F08552FA5}.Debug|ARM.Build.0 = Debug|Any CPU
		{C209B426-6CF1-40EF-B31C-AE3F08552FA5}.Debug|x64.ActiveCfg = Debug|Any CPU
		{C209B426-6CF1-40EF-B31C-AE3F08552FA5}.Debug|x64.Build.0 = Debug|Any CPU
		{C209B426-6CF1-40EF-B31C-AE3F08552FA5}.Debug|x86.ActiveCfg = Debug|Any CPU
		{C209B426-6CF1-40EF-B31C-AE3F08552FA5}.Debug|x86.Build.0 = Debug|Any CPU
		{C209B426-6CF1-40EF-B31C-AE3F08552FA5}.Release|Any CPU.ActiveCfg = Release|Any CPU
		{C209B426-6CF1-40EF-B31C-AE3F08552FA5}.Release|Any CPU.Build.0 = Release|Any CPU
		{C209B426-6CF1-40EF-B31C-AE3F08552FA5}.Release|ARM.ActiveCfg = Release|Any CPU
		{C209B426-6CF1-40EF-B31C-AE3F08552FA5}.Release|ARM.Build.0 = Release|Any CPU
		{C209B426-6CF1-40EF-B31C-AE3F08552FA5}.Release|x64.ActiveCfg = Release|Any CPU
		{C209B426-6CF1-40EF-B31C-AE3F08552FA5}.Release|x64.Build.0 = Release|Any CPU
		{C209B426-6CF1-40EF-B31C-AE3F08552FA5}.Release|x86.ActiveCfg = Release|Any CPU
		{C209B426-6CF1-40EF-B31C-AE3F08552FA5}.Release|x86.Build.0 = Release|Any CPU
	EndGlobalSection
	GlobalSection(SolutionProperties) = preSolution
		HideSolutionNode = FALSE
	EndGlobalSection
	GlobalSection(NestedProjects) = preSolution
		{444A91D0-0274-492A-BEBD-2515F9817568} = {49AF7A26-D079-4C00-8E2B-69E233F35A48}
		{28E8F208-B45A-4FA8-AC89-23F4F59697A5} = {49AF7A26-D079-4C00-8E2B-69E233F35A48}
		{694C0F6F-9ED1-4385-81BA-9A3242D25812} = {49AF7A26-D079-4C00-8E2B-69E233F35A48}
		{CF818575-37D2-4D26-A6C0-0B2A182F1B0E} = {51CAC50D-E9E4-4CD4-90EA-7FDAA246A131}
		{244E6BF0-D082-4D7A-9E5A-AE6C524D68E4} = {51CAC50D-E9E4-4CD4-90EA-7FDAA246A131}
		{D1E9EEEA-B062-45E8-92A1-811403D022F5} = {EB4FCC2D-644F-4B89-A690-2ACB06F88C54}
		{D0B68ED3-BA25-4169-B074-302D6CC477A3} = {EB4FCC2D-644F-4B89-A690-2ACB06F88C54}
		{D68C98B7-241E-42C2-97BB-5E4A76DD832B} = {EB4FCC2D-644F-4B89-A690-2ACB06F88C54}
		{84B1C910-EF19-492F-8C96-494FF42E4F38} = {EB4FCC2D-644F-4B89-A690-2ACB06F88C54}
		{03E96825-FA36-45B9-BF5E-F8D49066E9C1} = {EB4FCC2D-644F-4B89-A690-2ACB06F88C54}
		{51322595-4423-46D9-8AAD-7486FC87E15C} = {EB4FCC2D-644F-4B89-A690-2ACB06F88C54}
		{3A56DC89-408B-488D-BDD4-A331A3DA6950} = {EB4FCC2D-644F-4B89-A690-2ACB06F88C54}
		{80834A07-E5A3-4D3A-93B2-BF745B5FDAAC} = {EB4FCC2D-644F-4B89-A690-2ACB06F88C54}
		{FDF32D49-27A8-48B5-A62E-128E3634615F} = {EB4FCC2D-644F-4B89-A690-2ACB06F88C54}
		{CA5E0894-4E34-478E-8FE0-9218F53B5980} = {EB4FCC2D-644F-4B89-A690-2ACB06F88C54}
		{A323C69C-B3AF-4154-B725-3446A712E685} = {EB4FCC2D-644F-4B89-A690-2ACB06F88C54}
		{E932C842-4A71-43C0-B2F4-DEF58669BE4A} = {A43CBE54-3E34-4B78-B001-13370F4096BB}
		{C5F02747-27CA-458A-93E5-75FDE0DFF3F9} = {A43CBE54-3E34-4B78-B001-13370F4096BB}
		{00B62408-49BA-4A1C-B929-008A4E48C5E1} = {A43CBE54-3E34-4B78-B001-13370F4096BB}
		{004A50B1-2F25-469A-ABCE-090BD36E2631} = {A43CBE54-3E34-4B78-B001-13370F4096BB}
		{605ED313-38FA-4A7B-B555-DCF0107C8A64} = {A43CBE54-3E34-4B78-B001-13370F4096BB}
		{2E60D6F9-93D3-4647-B05E-6E532ED9C3AD} = {51CAC50D-E9E4-4CD4-90EA-7FDAA246A131}
		{E6B94A95-4D19-4AD0-8DBD-447489ADF20C} = {51CAC50D-E9E4-4CD4-90EA-7FDAA246A131}
		{922D3F8C-8ED7-4E09-94D3-AD965F56A018} = {51CAC50D-E9E4-4CD4-90EA-7FDAA246A131}
		{4BA9C28F-3FE9-4588-A128-058219222FCC} = {51CAC50D-E9E4-4CD4-90EA-7FDAA246A131}
		{C209B426-6CF1-40EF-B31C-AE3F08552FA5} = {51CAC50D-E9E4-4CD4-90EA-7FDAA246A131}
	EndGlobalSection
	GlobalSection(ExtensibilityGlobals) = postSolution
		SolutionGuid = {7E473F99-18FE-4AA2-9DCF-54C65E5F0D7D}
	EndGlobalSection
EndGlobal
